{
  "nodes": {
    "home-manager": {
      "inputs": {
        "nixpkgs": [
          "nixpkgs"
        ]
      },
      "locked": {
        "lastModified": 1764536451,
        "narHash": "sha256-BgtcUkBfItu9/yU14IgUaj4rYOanTOUZjUfBP20/ZB4=",
        "owner": "nix-community",
        "repo": "home-manager",
        "rev": "3fdd076e08049a9c7a83149b270440d9787d2df5",
        "type": "github"
      },
      "original": {
        "owner": "nix-community",
        "ref": "release-25.11",
        "repo": "home-manager",
        "type": "github"
      }
    },
    "jetbrainsUpdated": {
      "locked": {
        "lastModified": 1763673946,
        "narHash": "sha256-WMtPEyDx7ENb+PVHuI9jnTEV1IBVchI418Eg67lq+P0=",
        "owner": "jamesward",
        "repo": "nixpkgs",
        "rev": "5fca555fc134cbf63f1a5a4af3589bfd8e9ef01f",
        "type": "github"
      },
      "original": {
        "owner": "jamesward",
        "ref": "jetbrains-2025.2.5",
        "repo": "nixpkgs",
        "type": "github"
      }
    },
    "nixpkgs": {
      "locked": {
        "lastModified": 1764494334,
        "narHash": "sha256-x2xCEXUlU4Ap56+t5HaoReOQ/bV/bIQ5rzTn/m+V3HQ=",
        "owner": "NixOS",
        "repo": "nixpkgs",
        "rev": "d542db745310b6929708d9abea513f3ff19b1341",
        "type": "github"
      },
      "original": {
        "owner": "NixOS",
        "ref": "nixos-25.11",
        "repo": "nixpkgs",
        "type": "github"
      }
    },
    "root": {
      "inputs": {
        "home-manager": "home-manager",
        "jetbrainsUpdated": "jetbrainsUpdated",
        "nixpkgs": "nixpkgs",
        "rust-span-counter": "rust-span-counter",
        "unstableNixpkgs": "unstableNixpkgs"
      }
    },
    "rust-span-counter": {
      "inputs": {
        "nixpkgs": [
          "unstableNixpkgs"
        ]
      },
      "locked": {
        "lastModified": 1756018983,
        "narHash": "sha256-jzXcx0od7eJjwVptivCaCnssnav6lV3fFsIsgosQzXg=",
        "owner": "zlepper",
        "repo": "rust-span-counter",
        "rev": "1caad60bafbe2a3893a86d08bd4e2bfc7fcf6053",
        "type": "github"
      },
      "original": {
        "owner": "zlepper",
        "repo": "rust-span-counter",
        "type": "github"
      }
    },
    "unstableNixpkgs": {
      "locked": {
        "lastModified": 1764517877,
        "narHash": "sha256-pp3uT4hHijIC8JUK5MEqeAWmParJrgBVzHLNfJDZxg4=",
        "owner": "NixOS",
        "repo": "nixpkgs",
        "rev": "2d293cbfa5a793b4c50d17c05ef9e385b90edf6c",
        "type": "github"
      },
      "original": {
        "owner": "NixOS",
        "ref": "nixos-unstable",
        "repo": "nixpkgs",
        "type": "github"
      }
    }
  },
  "root": "root",
  "version": 7
}
